// !$*UTF8*$!
{
	archiveVersion = 1;
	classes = {
	};
	objectVersion = 56;
	objects = {

/* Begin PBXBuildFile section */
		C98D1BCF2F3F0E4D00966AE1 /* LocalAPIServer.swift in Sources */ = {isa = PBXBuildFile; fileRef = C98D1BCE2F3F0E4D00966AE1 /* LocalAPIServer.swift */; };
		C98D1BCD2F3F0E4D00966AE1 /* AssistantMetrics.swift in Sources */ = {isa = PBXBuildFile; fileRef = C98D1BCC2F3F0E4D00966AE1 /* AssistantMetrics.swift */; };
		C98D1BC42F3F0E4D00966AE1 /* NLSyntaxAnalyzer.swift in Sources */ = {isa = PBXBuildFile; fileRef = C98D1BC32F3F0E4D00966AE1 /* NLSyntaxAnalyzer.swift */; };
		A000000000000090 /* PythonServiceManager.swift in Sources */ = {isa = PBXBuildFile; fileRef = A100000000000090 /* PythonServiceManager.swift */; };
		A000000000000091 /* NLUTests.swift in Sources */ = {isa = PBXBuildFile; fileRef = A100000000000091 /* NLUTests.swift */; };
		A000000000000001 /* ScientificCalculatorApp.swift in Sources */ = {isa = PBXBuildFile; fileRef = A100000000000001 /* ScientificCalculatorApp.swift */; };
		A000000000000002 /* ContentView.swift in Sources */ = {isa = PBXBuildFile; fileRef = A100000000000002 /* ContentView.swift */; };
		A000000000000003 /* CalculatorViewModel.swift in Sources */ = {isa = PBXBuildFile; fileRef = A100000000000003 /* CalculatorViewModel.swift */; };
		A000000000000004 /* Node.swift in Sources */ = {isa = PBXBuildFile; fileRef = A100000000000004 /* Node.swift */; };
		A000000000000005 /* Operators.swift in Sources */ = {isa = PBXBuildFile; fileRef = A100000000000005 /* Operators.swift */; };
		A000000000000006 /* Token.swift in Sources */ = {isa = PBXBuildFile; fileRef = A100000000000006 /* Token.swift */; };
		A000000000000007 /* Tokenizer.swift in Sources */ = {isa = PBXBuildFile; fileRef = A100000000000007 /* Tokenizer.swift */; };
		A000000000000008 /* Parser.swift in Sources */ = {isa = PBXBuildFile; fileRef = A100000000000008 /* Parser.swift */; };
		A000000000000009 /* ParserError.swift in Sources */ = {isa = PBXBuildFile; fileRef = A100000000000009 /* ParserError.swift */; };
		A00000000000000A /* MathEngine.swift in Sources */ = {isa = PBXBuildFile; fileRef = A10000000000000A /* MathEngine.swift */; };
		A00000000000000B /* NumericEngine.swift in Sources */ = {isa = PBXBuildFile; fileRef = A10000000000000B /* NumericEngine.swift */; };
		A00000000000000C /* Dispatcher.swift in Sources */ = {isa = PBXBuildFile; fileRef = A10000000000000C /* Dispatcher.swift */; };
		A00000000000000D /* EvaluationMetrics.swift in Sources */ = {isa = PBXBuildFile; fileRef = A10000000000000D /* EvaluationMetrics.swift */; };
		A00000000000000E /* EvaluationReport.swift in Sources */ = {isa = PBXBuildFile; fileRef = A10000000000000E /* EvaluationReport.swift */; };
		A00000000000000F /* MetricsCollector.swift in Sources */ = {isa = PBXBuildFile; fileRef = A10000000000000F /* MetricsCollector.swift */; };
		A000000000000010 /* ResultFormatter.swift in Sources */ = {isa = PBXBuildFile; fileRef = A100000000000010 /* ResultFormatter.swift */; };
		A000000000000011 /* BenchmarkRunner.swift in Sources */ = {isa = PBXBuildFile; fileRef = A100000000000011 /* BenchmarkRunner.swift */; };
		A000000000000012 /* SymbolicEngine.swift in Sources */ = {isa = PBXBuildFile; fileRef = A100000000000012 /* SymbolicEngine.swift */; };
		A000000000000013 /* PythonClient.swift in Sources */ = {isa = PBXBuildFile; fileRef = A100000000000013 /* PythonClient.swift */; };
		A000000000000014 /* ASTToSympyConverter.swift in Sources */ = {isa = PBXBuildFile; fileRef = A100000000000014 /* ASTToSympyConverter.swift */; };
		A000000000000015 /* LatexFormatter.swift in Sources */ = {isa = PBXBuildFile; fileRef = A100000000000015 /* LatexFormatter.swift */; };
		A000000000000020 /* TokenizerTests.swift in Sources */ = {isa = PBXBuildFile; fileRef = A100000000000020 /* TokenizerTests.swift */; };
		A000000000000021 /* ParserTests.swift in Sources */ = {isa = PBXBuildFile; fileRef = A100000000000021 /* ParserTests.swift */; };
		A000000000000022 /* NumericEngineTests.swift in Sources */ = {isa = PBXBuildFile; fileRef = A100000000000022 /* NumericEngineTests.swift */; };
		A000000000000023 /* PerformanceTests.swift in Sources */ = {isa = PBXBuildFile; fileRef = A100000000000023 /* PerformanceTests.swift */; };
		A000000000000030 /* NumericToolMetrics.swift in Sources */ = {isa = PBXBuildFile; fileRef = A100000000000030 /* NumericToolMetrics.swift */; };
		A000000000000031 /* MatrixEngine.swift in Sources */ = {isa = PBXBuildFile; fileRef = A100000000000031 /* MatrixEngine.swift */; };
		A000000000000032 /* VectorEngine.swift in Sources */ = {isa = PBXBuildFile; fileRef = A100000000000032 /* VectorEngine.swift */; };
		A000000000000033 /* StatsEngine.swift in Sources */ = {isa = PBXBuildFile; fileRef = A100000000000033 /* StatsEngine.swift */; };
		A000000000000034 /* GraphEngine.swift in Sources */ = {isa = PBXBuildFile; fileRef = A100000000000034 /* GraphEngine.swift */; };
		A000000000000035 /* UnitsEngine.swift in Sources */ = {isa = PBXBuildFile; fileRef = A100000000000035 /* UnitsEngine.swift */; };
		A000000000000036 /* GraphView.swift in Sources */ = {isa = PBXBuildFile; fileRef = A100000000000036 /* GraphView.swift */; };
		A000000000000037 /* GraphViewModel.swift in Sources */ = {isa = PBXBuildFile; fileRef = A100000000000037 /* GraphViewModel.swift */; };
		A000000000000038 /* NumericToolsView.swift in Sources */ = {isa = PBXBuildFile; fileRef = A100000000000038 /* NumericToolsView.swift */; };
		A000000000000039 /* NumericToolsBenchmark.swift in Sources */ = {isa = PBXBuildFile; fileRef = A100000000000039 /* NumericToolsBenchmark.swift */; };
		A000000000000040 /* MatrixEngineTests.swift in Sources */ = {isa = PBXBuildFile; fileRef = A100000000000040 /* MatrixEngineTests.swift */; };
		A000000000000041 /* VectorEngineTests.swift in Sources */ = {isa = PBXBuildFile; fileRef = A100000000000041 /* VectorEngineTests.swift */; };
		A000000000000042 /* StatsEngineTests.swift in Sources */ = {isa = PBXBuildFile; fileRef = A100000000000042 /* StatsEngineTests.swift */; };
		A000000000000043 /* UnitsEngineTests.swift in Sources */ = {isa = PBXBuildFile; fileRef = A100000000000043 /* UnitsEngineTests.swift */; };
		A000000000000050 /* OCRClient.swift in Sources */ = {isa = PBXBuildFile; fileRef = A100000000000050 /* OCRClient.swift */; };
		A000000000000051 /* LatexNormalizer.swift in Sources */ = {isa = PBXBuildFile; fileRef = A100000000000051 /* LatexNormalizer.swift */; };
		A000000000000052 /* OCRPreprocessor.swift in Sources */ = {isa = PBXBuildFile; fileRef = A100000000000052 /* OCRPreprocessor.swift */; };
		A000000000000053 /* OCRMetrics.swift in Sources */ = {isa = PBXBuildFile; fileRef = A100000000000053 /* OCRMetrics.swift */; };
		A000000000000054 /* OCRViewModel.swift in Sources */ = {isa = PBXBuildFile; fileRef = A100000000000054 /* OCRViewModel.swift */; };
		A000000000000055 /* OCRView.swift in Sources */ = {isa = PBXBuildFile; fileRef = A100000000000055 /* OCRView.swift */; };
		A000000000000060 /* LatexNormalizerTests.swift in Sources */ = {isa = PBXBuildFile; fileRef = A100000000000060 /* LatexNormalizerTests.swift */; };
		A000000000000061 /* OCRClientTests.swift in Sources */ = {isa = PBXBuildFile; fileRef = A100000000000061 /* OCRClientTests.swift */; };
		C98D1BBF2F3F0E4D00966AE1 /* QuickSolverView.swift in Sources */ = {isa = PBXBuildFile; fileRef = C98D1BBD2F3F0E4D00966AE1 /* QuickSolverView.swift */; };
		C98D1BC02F3F0E4D00966AE1 /* NLTranslator.swift in Sources */ = {isa = PBXBuildFile; fileRef = C98D1BBC2F3F0E4D00966AE1 /* NLTranslator.swift */; };
		C98D1BC12F3F0E4D00966AE1 /* AssistantView.swift in Sources */ = {isa = PBXBuildFile; fileRef = C98D1BBA2F3F0E4D00966AE1 /* AssistantView.swift */; };
		C98D1BC22F3F0E4D00966AE1 /* AssistantViewModel.swift in Sources */ = {isa = PBXBuildFile; fileRef = C98D1BBB2F3F0E4D00966AE1 /* AssistantViewModel.swift */; };
		C98D1BC52F3F0E4D00966AE2 /* ThemeManager.swift in Sources */ = {isa = PBXBuildFile; fileRef = C98D1BC52F3F0E4D00966AE1 /* ThemeManager.swift */; };
		C98D1BC62F3F0E4D00966AE2 /* CalculatorButton.swift in Sources */ = {isa = PBXBuildFile; fileRef = C98D1BC62F3F0E4D00966AE1 /* CalculatorButton.swift */; };
		C98D1BC72F3F0E4D00966AE2 /* ScientificKeypad.swift in Sources */ = {isa = PBXBuildFile; fileRef = C98D1BC72F3F0E4D00966AE1 /* ScientificKeypad.swift */; };
		C98D1BC82F3F0E4D00966AE2 /* BasicKeypad.swift in Sources */ = {isa = PBXBuildFile; fileRef = C98D1BC82F3F0E4D00966AE1 /* BasicKeypad.swift */; };
		CD48B5AE4EFB42B98338C4E6 /* NotebookModel.swift in Sources */ = {isa = PBXBuildFile; fileRef = 26B4FA92CA9A4E60810AC85E /* NotebookModel.swift */; };
		C4DB53446808439C8644B399 /* NotebookViewModel.swift in Sources */ = {isa = PBXBuildFile; fileRef = 49EE797DCFEE498D9D1A656E /* NotebookViewModel.swift */; };
		F6B5A98C681941B98C5B68B0 /* BlockViews.swift in Sources */ = {isa = PBXBuildFile; fileRef = 256244F11E934557A71ECF25 /* BlockViews.swift */; };
		115DA8E70D1645D5A703C9D4 /* InputActionBar.swift in Sources */ = {isa = PBXBuildFile; fileRef = 9141CECF744E4BB9955190C8 /* InputActionBar.swift */; };
		B74A378CE1A24D049E8995B7 /* NotebookView.swift in Sources */ = {isa = PBXBuildFile; fileRef = E211F88AD59346D5A7B84B75 /* NotebookView.swift */; };
		E05BDE99679D4B14A47826FC /* AppNavigationView.swift in Sources */ = {isa = PBXBuildFile; fileRef = 7AC076C649A643F6A2697F97 /* AppNavigationView.swift */; };
		DA58000100000002 /* DashboardView.swift in Sources */ = {isa = PBXBuildFile; fileRef = DA58000100000001 /* DashboardView.swift */; };
		DA58000200000002 /* DashboardViewModel.swift in Sources */ = {isa = PBXBuildFile; fileRef = DA58000200000001 /* DashboardViewModel.swift */; };
		DA58000300000002 /* DashboardPlotCard.swift in Sources */ = {isa = PBXBuildFile; fileRef = DA58000300000001 /* DashboardPlotCard.swift */; };
		DA58000400000002 /* DashboardConstantsCard.swift in Sources */ = {isa = PBXBuildFile; fileRef = DA58000400000001 /* DashboardConstantsCard.swift */; };
		DA58000500000002 /* ExpressionInputView.swift in Sources */ = {isa = PBXBuildFile; fileRef = DA58000500000001 /* ExpressionInputView.swift */; };
		DA58000600000002 /* VariablesPanel.swift in Sources */ = {isa = PBXBuildFile; fileRef = DA58000600000001 /* VariablesPanel.swift */; };
		DA58000700000002 /* PhysicsReference.swift in Sources */ = {isa = PBXBuildFile; fileRef = DA58000700000001 /* PhysicsReference.swift */; };
		DA58000800000002 /* VariableStore.swift in Sources */ = {isa = PBXBuildFile; fileRef = DA58000800000001 /* VariableStore.swift */; };
				DA58000900000002 /* RefactorVerificationTests.swift in Sources */ = {isa = PBXBuildFile; fileRef = DA58000900000001 /* RefactorVerificationTests.swift */; };
		DA58000A00000002 /* SyntaxValidator.swift in Sources */ = {isa = PBXBuildFile; fileRef = DA58000A00000001 /* SyntaxValidator.swift */; };
		DA58000B00000002 /* DashboardUnitConverterCard.swift in Sources */ = {isa = PBXBuildFile; fileRef = DA58000B00000001 /* DashboardUnitConverterCard.swift */; };
/* End PBXBuildFile section */

/* Begin PBXContainerItemProxy section */
		A200000000000001 /* PBXContainerItemProxy */ = {
			isa = PBXContainerItemProxy;
			containerPortal = A300000000000001 /* Project object */;
			proxyType = 1;
			remoteGlobalIDString = A400000000000001;
			remoteInfo = ScientificCalculator;
		};
/* End PBXContainerItemProxy section */

/* Begin PBXFileReference section */
		C98D1BC32F3F0E4D00966AE1 /* NLSyntaxAnalyzer.swift */ = {isa = PBXFileReference; lastKnownFileType = sourcecode.swift; path = NLSyntaxAnalyzer.swift; sourceTree = "<group>"; };
		A100000000000090 /* PythonServiceManager.swift */ = {isa = PBXFileReference; lastKnownFileType = sourcecode.swift; path = PythonServiceManager.swift; sourceTree = "<group>"; };
		A100000000000091 /* NLUTests.swift */ = {isa = PBXFileReference; lastKnownFileType = sourcecode.swift; path = NLUTests.swift; sourceTree = "<group>"; };
		A100000000000001 /* ScientificCalculatorApp.swift */ = {isa = PBXFileReference; lastKnownFileType = sourcecode.swift; path = ScientificCalculatorApp.swift; sourceTree = "<group>"; };
		A100000000000002 /* ContentView.swift */ = {isa = PBXFileReference; lastKnownFileType = sourcecode.swift; path = ContentView.swift; sourceTree = "<group>"; };
		A100000000000003 /* CalculatorViewModel.swift */ = {isa = PBXFileReference; lastKnownFileType = sourcecode.swift; path = CalculatorViewModel.swift; sourceTree = "<group>"; };
		A100000000000004 /* Node.swift */ = {isa = PBXFileReference; lastKnownFileType = sourcecode.swift; path = Node.swift; sourceTree = "<group>"; };
		A100000000000005 /* Operators.swift */ = {isa = PBXFileReference; lastKnownFileType = sourcecode.swift; path = Operators.swift; sourceTree = "<group>"; };
		A100000000000006 /* Token.swift */ = {isa = PBXFileReference; lastKnownFileType = sourcecode.swift; path = Token.swift; sourceTree = "<group>"; };
		A100000000000007 /* Tokenizer.swift */ = {isa = PBXFileReference; lastKnownFileType = sourcecode.swift; path = Tokenizer.swift; sourceTree = "<group>"; };
		A100000000000008 /* Parser.swift */ = {isa = PBXFileReference; lastKnownFileType = sourcecode.swift; path = Parser.swift; sourceTree = "<group>"; };
		A100000000000009 /* ParserError.swift */ = {isa = PBXFileReference; lastKnownFileType = sourcecode.swift; path = ParserError.swift; sourceTree = "<group>"; };
		A10000000000000A /* MathEngine.swift */ = {isa = PBXFileReference; lastKnownFileType = sourcecode.swift; path = MathEngine.swift; sourceTree = "<group>"; };
		A10000000000000B /* NumericEngine.swift */ = {isa = PBXFileReference; lastKnownFileType = sourcecode.swift; path = NumericEngine.swift; sourceTree = "<group>"; };
		A10000000000000C /* Dispatcher.swift */ = {isa = PBXFileReference; lastKnownFileType = sourcecode.swift; path = Dispatcher.swift; sourceTree = "<group>"; };
		A10000000000000D /* EvaluationMetrics.swift */ = {isa = PBXFileReference; lastKnownFileType = sourcecode.swift; path = EvaluationMetrics.swift; sourceTree = "<group>"; };
		A10000000000000E /* EvaluationReport.swift */ = {isa = PBXFileReference; lastKnownFileType = sourcecode.swift; path = EvaluationReport.swift; sourceTree = "<group>"; };
		A10000000000000F /* MetricsCollector.swift */ = {isa = PBXFileReference; lastKnownFileType = sourcecode.swift; path = MetricsCollector.swift; sourceTree = "<group>"; };
		A100000000000010 /* ResultFormatter.swift */ = {isa = PBXFileReference; lastKnownFileType = sourcecode.swift; path = ResultFormatter.swift; sourceTree = "<group>"; };
		A100000000000011 /* BenchmarkRunner.swift */ = {isa = PBXFileReference; lastKnownFileType = sourcecode.swift; path = BenchmarkRunner.swift; sourceTree = "<group>"; };
		A100000000000012 /* SymbolicEngine.swift */ = {isa = PBXFileReference; lastKnownFileType = sourcecode.swift; path = SymbolicEngine.swift; sourceTree = "<group>"; };
		A100000000000013 /* PythonClient.swift */ = {isa = PBXFileReference; lastKnownFileType = sourcecode.swift; path = PythonClient.swift; sourceTree = "<group>"; };
		A100000000000014 /* ASTToSympyConverter.swift */ = {isa = PBXFileReference; lastKnownFileType = sourcecode.swift; path = ASTToSympyConverter.swift; sourceTree = "<group>"; };
		A100000000000015 /* LatexFormatter.swift */ = {isa = PBXFileReference; lastKnownFileType = sourcecode.swift; path = LatexFormatter.swift; sourceTree = "<group>"; };
		A100000000000020 /* TokenizerTests.swift */ = {isa = PBXFileReference; lastKnownFileType = sourcecode.swift; path = TokenizerTests.swift; sourceTree = "<group>"; };
		A100000000000021 /* ParserTests.swift */ = {isa = PBXFileReference; lastKnownFileType = sourcecode.swift; path = ParserTests.swift; sourceTree = "<group>"; };
		A100000000000022 /* NumericEngineTests.swift */ = {isa = PBXFileReference; lastKnownFileType = sourcecode.swift; path = NumericEngineTests.swift; sourceTree = "<group>"; };
		A100000000000023 /* PerformanceTests.swift */ = {isa = PBXFileReference; lastKnownFileType = sourcecode.swift; path = PerformanceTests.swift; sourceTree = "<group>"; };
		A100000000000030 /* NumericToolMetrics.swift */ = {isa = PBXFileReference; lastKnownFileType = sourcecode.swift; path = NumericToolMetrics.swift; sourceTree = "<group>"; };
		A100000000000031 /* MatrixEngine.swift */ = {isa = PBXFileReference; lastKnownFileType = sourcecode.swift; path = MatrixEngine.swift; sourceTree = "<group>"; };
		A100000000000032 /* VectorEngine.swift */ = {isa = PBXFileReference; lastKnownFileType = sourcecode.swift; path = VectorEngine.swift; sourceTree = "<group>"; };
		A100000000000033 /* StatsEngine.swift */ = {isa = PBXFileReference; lastKnownFileType = sourcecode.swift; path = StatsEngine.swift; sourceTree = "<group>"; };
		A100000000000034 /* GraphEngine.swift */ = {isa = PBXFileReference; lastKnownFileType = sourcecode.swift; path = GraphEngine.swift; sourceTree = "<group>"; };
		A100000000000035 /* UnitsEngine.swift */ = {isa = PBXFileReference; lastKnownFileType = sourcecode.swift; path = UnitsEngine.swift; sourceTree = "<group>"; };
		A100000000000036 /* GraphView.swift */ = {isa = PBXFileReference; lastKnownFileType = sourcecode.swift; path = GraphView.swift; sourceTree = "<group>"; };
		A100000000000037 /* GraphViewModel.swift */ = {isa = PBXFileReference; lastKnownFileType = sourcecode.swift; path = GraphViewModel.swift; sourceTree = "<group>"; };
		A100000000000038 /* NumericToolsView.swift */ = {isa = PBXFileReference; lastKnownFileType = sourcecode.swift; path = NumericToolsView.swift; sourceTree = "<group>"; };
		A100000000000039 /* NumericToolsBenchmark.swift */ = {isa = PBXFileReference; lastKnownFileType = sourcecode.swift; path = NumericToolsBenchmark.swift; sourceTree = "<group>"; };
		A100000000000040 /* MatrixEngineTests.swift */ = {isa = PBXFileReference; lastKnownFileType = sourcecode.swift; path = MatrixEngineTests.swift; sourceTree = "<group>"; };
		A100000000000041 /* VectorEngineTests.swift */ = {isa = PBXFileReference; lastKnownFileType = sourcecode.swift; path = VectorEngineTests.swift; sourceTree = "<group>"; };
		A100000000000042 /* StatsEngineTests.swift */ = {isa = PBXFileReference; lastKnownFileType = sourcecode.swift; path = StatsEngineTests.swift; sourceTree = "<group>"; };
		A100000000000043 /* UnitsEngineTests.swift */ = {isa = PBXFileReference; lastKnownFileType = sourcecode.swift; path = UnitsEngineTests.swift; sourceTree = "<group>"; };
		A100000000000050 /* OCRClient.swift */ = {isa = PBXFileReference; lastKnownFileType = sourcecode.swift; path = OCRClient.swift; sourceTree = "<group>"; };
		A100000000000051 /* LatexNormalizer.swift */ = {isa = PBXFileReference; lastKnownFileType = sourcecode.swift; path = LatexNormalizer.swift; sourceTree = "<group>"; };
		A100000000000052 /* OCRPreprocessor.swift */ = {isa = PBXFileReference; lastKnownFileType = sourcecode.swift; path = OCRPreprocessor.swift; sourceTree = "<group>"; };
		A100000000000053 /* OCRMetrics.swift */ = {isa = PBXFileReference; lastKnownFileType = sourcecode.swift; path = OCRMetrics.swift; sourceTree = "<group>"; };
		A100000000000054 /* OCRViewModel.swift */ = {isa = PBXFileReference; lastKnownFileType = sourcecode.swift; path = OCRViewModel.swift; sourceTree = "<group>"; };
		A100000000000055 /* OCRView.swift */ = {isa = PBXFileReference; lastKnownFileType = sourcecode.swift; path = OCRView.swift; sourceTree = "<group>"; };
		A100000000000060 /* LatexNormalizerTests.swift */ = {isa = PBXFileReference; lastKnownFileType = sourcecode.swift; path = LatexNormalizerTests.swift; sourceTree = "<group>"; };
		A100000000000061 /* OCRClientTests.swift */ = {isa = PBXFileReference; lastKnownFileType = sourcecode.swift; path = OCRClientTests.swift; sourceTree = "<group>"; };
		A500000000000001 /* ScientificCalculator.app */ = {isa = PBXFileReference; explicitFileType = wrapper.application; includeInIndex = 0; path = ScientificCalculator.app; sourceTree = BUILT_PRODUCTS_DIR; };
		A500000000000002 /* ScientificCalculatorTests.xctest */ = {isa = PBXFileReference; explicitFileType = wrapper.cfbundle; includeInIndex = 0; path = ScientificCalculatorTests.xctest; sourceTree = BUILT_PRODUCTS_DIR; };
		C98D1BBA2F3F0E4D00966AE1 /* AssistantView.swift */ = {isa = PBXFileReference; lastKnownFileType = sourcecode.swift; path = AssistantView.swift; sourceTree = "<group>"; };
		C98D1BCC2F3F0E4D00966AE1 /* AssistantMetrics.swift */ = {isa = PBXFileReference; lastKnownFileType = sourcecode.swift; path = AssistantMetrics.swift; sourceTree = "<group>"; };
		C98D1BCE2F3F0E4D00966AE1 /* LocalAPIServer.swift */ = {isa = PBXFileReference; lastKnownFileType = sourcecode.swift; path = LocalAPIServer.swift; sourceTree = "<group>"; };
		C98D1BBB2F3F0E4D00966AE1 /* AssistantViewModel.swift */ = {isa = PBXFileReference; lastKnownFileType = sourcecode.swift; path = AssistantViewModel.swift; sourceTree = "<group>"; };
		C98D1BBC2F3F0E4D00966AE1 /* NLTranslator.swift */ = {isa = PBXFileReference; lastKnownFileType = sourcecode.swift; path = NLTranslator.swift; sourceTree = "<group>"; };
		C98D1BBD2F3F0E4D00966AE1 /* QuickSolverView.swift */ = {isa = PBXFileReference; lastKnownFileType = sourcecode.swift; path = QuickSolverView.swift; sourceTree = "<group>"; };
		C98D1BC52F3F0E4D00966AE1 /* ThemeManager.swift */ = {isa = PBXFileReference; lastKnownFileType = sourcecode.swift; path = ThemeManager.swift; sourceTree = "<group>"; };
		C98D1BC62F3F0E4D00966AE1 /* CalculatorButton.swift */ = {isa = PBXFileReference; lastKnownFileType = sourcecode.swift; path = CalculatorButton.swift; sourceTree = "<group>"; };
		C98D1BC72F3F0E4D00966AE1 /* ScientificKeypad.swift */ = {isa = PBXFileReference; lastKnownFileType = sourcecode.swift; path = ScientificKeypad.swift; sourceTree = "<group>"; };
		C98D1BC82F3F0E4D00966AE1 /* BasicKeypad.swift */ = {isa = PBXFileReference; lastKnownFileType = sourcecode.swift; path = BasicKeypad.swift; sourceTree = "<group>"; };
		26B4FA92CA9A4E60810AC85E /* NotebookModel.swift */ = {isa = PBXFileReference; lastKnownFileType = sourcecode.swift; path = NotebookModel.swift; sourceTree = "<group>"; };
		49EE797DCFEE498D9D1A656E /* NotebookViewModel.swift */ = {isa = PBXFileReference; lastKnownFileType = sourcecode.swift; path = NotebookViewModel.swift; sourceTree = "<group>"; };
		256244F11E934557A71ECF25 /* BlockViews.swift */ = {isa = PBXFileReference; lastKnownFileType = sourcecode.swift; path = BlockViews.swift; sourceTree = "<group>"; };
		9141CECF744E4BB9955190C8 /* InputActionBar.swift */ = {isa = PBXFileReference; lastKnownFileType = sourcecode.swift; path = InputActionBar.swift; sourceTree = "<group>"; };
		E211F88AD59346D5A7B84B75 /* NotebookView.swift */ = {isa = PBXFileReference; lastKnownFileType = sourcecode.swift; path = NotebookView.swift; sourceTree = "<group>"; };
		7AC076C649A643F6A2697F97 /* AppNavigationView.swift */ = {isa = PBXFileReference; lastKnownFileType = sourcecode.swift; path = Navigation/AppNavigationView.swift; sourceTree = "<group>"; };
		DA58000100000001 /* DashboardView.swift */ = {isa = PBXFileReference; lastKnownFileType = sourcecode.swift; path = DashboardView.swift; sourceTree = "<group>"; };
		DA58000200000001 /* DashboardViewModel.swift */ = {isa = PBXFileReference; lastKnownFileType = sourcecode.swift; path = DashboardViewModel.swift; sourceTree = "<group>"; };
		DA58000300000001 /* DashboardPlotCard.swift */ = {isa = PBXFileReference; lastKnownFileType = sourcecode.swift; path = DashboardPlotCard.swift; sourceTree = "<group>"; };
		DA58000400000001 /* DashboardConstantsCard.swift */ = {isa = PBXFileReference; lastKnownFileType = sourcecode.swift; path = DashboardConstantsCard.swift; sourceTree = "<group>"; };
		DA58000500000001 /* ExpressionInputView.swift */ = {isa = PBXFileReference; lastKnownFileType = sourcecode.swift; path = ExpressionInputView.swift; sourceTree = "<group>"; };
		DA58000600000001 /* VariablesPanel.swift */ = {isa = PBXFileReference; lastKnownFileType = sourcecode.swift; path = VariablesPanel.swift; sourceTree = "<group>"; };
		DA58000700000001 /* PhysicsReference.swift */ = {isa = PBXFileReference; lastKnownFileType = sourcecode.swift; path = PhysicsReference.swift; sourceTree = "<group>"; };
		DA58000800000001 /* VariableStore.swift */ = {isa = PBXFileReference; lastKnownFileType = sourcecode.swift; path = VariableStore.swift; sourceTree = "<group>"; };
		DA58000A00000001 /* SyntaxValidator.swift */ = {isa = PBXFileReference; lastKnownFileType = sourcecode.swift; path = ScientificCalculator/Parser/SyntaxValidator.swift; sourceTree = SOURCE_ROOT; };
		DA58000B00000001 /* DashboardUnitConverterCard.swift */ = {isa = PBXFileReference; lastKnownFileType = sourcecode.swift; path = DashboardUnitConverterCard.swift; sourceTree = "<group>"; };
/* End PBXFileReference section */

/* Begin PBXFrameworksBuildPhase section */
		A600000000000001 /* Frameworks */ = {
			isa = PBXFrameworksBuildPhase;
			buildActionMask = 2147483647;
			files = (
			);
			runOnlyForDeploymentPostprocessing = 0;
		};
		A600000000000002 /* Frameworks */ = {
			isa = PBXFrameworksBuildPhase;
			buildActionMask = 2147483647;
			files = (
			);
			runOnlyForDeploymentPostprocessing = 0;
		};
/* End PBXFrameworksBuildPhase section */

/* Begin PBXGroup section */
		A700000000000001 = {
			isa = PBXGroup;
			children = (
				A700000000000002 /* ScientificCalculator */,
				A700000000000003 /* ScientificCalculatorTests */,
				A700000000000004 /* Products */,
			);
			sourceTree = "<group>";
		};
		A700000000000002 /* ScientificCalculator */ = {
			isa = PBXGroup;
			children = (
				C98D1BBE2F3F0E4D00966AE1 /* Assistant */,
				A700000000000005 /* App */,
				A700000000000006 /* UI */,
				A700000000000007 /* AST */,
				A700000000000008 /* Parser */,
				A700000000000009 /* Engines */,
				A70000000000000A /* Metrics */,
				A70000000000000B /* Formatting */,
				A70000000000000C /* Benchmarks */,
				A70000000000000D /* PythonBridge */,
				A70000000000000E /* Symbolic */,
				A70000000000000F /* NumericTools */,
				A700000000000050 /* OCREngine */,
			);
			path = ScientificCalculator;
			sourceTree = "<group>";
		};
		A700000000000003 /* ScientificCalculatorTests */ = {
			isa = PBXGroup;
			children = (
				A100000000000091 /* NLUTests.swift */,
				A100000000000020 /* TokenizerTests.swift */,
				A100000000000021 /* ParserTests.swift */,
				A100000000000022 /* NumericEngineTests.swift */,
				A100000000000023 /* PerformanceTests.swift */,
				A100000000000040 /* MatrixEngineTests.swift */,
				A100000000000041 /* VectorEngineTests.swift */,
				A100000000000042 /* StatsEngineTests.swift */,
				A100000000000043 /* UnitsEngineTests.swift */,
				A100000000000060 /* LatexNormalizerTests.swift */,
				A100000000000061 /* OCRClientTests.swift */,
			);
			path = ScientificCalculatorTests;
			sourceTree = "<group>";
		};
		A700000000000004 /* Products */ = {
			isa = PBXGroup;
			children = (
				A500000000000001 /* ScientificCalculator.app */,
				A500000000000002 /* ScientificCalculatorTests.xctest */,
			);
			name = Products;
			sourceTree = "<group>";
		};
		A700000000000005 /* App */ = {
			isa = PBXGroup;
			children = (
				A100000000000001 /* ScientificCalculatorApp.swift */,
			);
			path = App;
			sourceTree = "<group>";
		};
		A700000000000006 /* UI */ = {
			isa = PBXGroup;
			children = (
				7AC076C649A643F6A2697F97 /* AppNavigationView.swift */,
				DA580000B76B444F87D1A877 /* Dashboard */,
				14B4F777B76B444F87D1A877 /* Notebook */,
				C98D1BC92F3F0E4D00966AE1 /* Theme */,
				C98D1BCA2F3F0E4D00966AE1 /* Components */,
				C98D1BCB2F3F0E4D00966AE1 /* Keypad */,
				A100000000000002 /* ContentView.swift */,
				A100000000000003 /* CalculatorViewModel.swift */,
				DA58000800000001 /* VariableStore.swift */,
			);
			path = UI;
			sourceTree = "<group>";
		};
		A700000000000007 /* AST */ = {
			isa = PBXGroup;
			children = (
				A100000000000004 /* Node.swift */,
				A100000000000005 /* Operators.swift */,
			);
			path = AST;
			sourceTree = "<group>";
		};
		A700000000000008 /* Parser */ = {
			isa = PBXGroup;
			children = (
				A100000000000006 /* Token.swift */,
				A100000000000007 /* Tokenizer.swift */,
				A100000000000008 /* Parser.swift */,
				A100000000000009 /* ParserError.swift */,
				DA58000A00000001 /* SyntaxValidator.swift */,
			);
			path = Parser;
			sourceTree = "<group>";
		};
		A700000000000009 /* Engines */ = {
			isa = PBXGroup;
			children = (
				A10000000000000A /* MathEngine.swift */,
				A10000000000000B /* NumericEngine.swift */,
				A10000000000000C /* Dispatcher.swift */,
				A100000000000012 /* SymbolicEngine.swift */,
			);
			path = Engines;
			sourceTree = "<group>";
		};
		A70000000000000A /* Metrics */ = {
			isa = PBXGroup;
			children = (
				A10000000000000D /* EvaluationMetrics.swift */,
				A10000000000000E /* EvaluationReport.swift */,
				A10000000000000F /* MetricsCollector.swift */,
			);
			path = Metrics;
			sourceTree = "<group>";
		};
		A70000000000000B /* Formatting */ = {
			isa = PBXGroup;
			children = (
				A100000000000010 /* ResultFormatter.swift */,
			);
			path = Formatting;
			sourceTree = "<group>";
		};
		A70000000000000C /* Benchmarks */ = {
			isa = PBXGroup;
			children = (
				A100000000000011 /* BenchmarkRunner.swift */,
				A100000000000039 /* NumericToolsBenchmark.swift */,
			);
			path = Benchmarks;
			sourceTree = "<group>";
		};
		A70000000000000D /* PythonBridge */ = {
			isa = PBXGroup;
			children = (
				A100000000000090 /* PythonServiceManager.swift */,
				A100000000000013 /* PythonClient.swift */,
			);
			path = PythonBridge;
			sourceTree = "<group>";
		};
		A70000000000000E /* Symbolic */ = {
			isa = PBXGroup;
			children = (
				A100000000000014 /* ASTToSympyConverter.swift */,
				A100000000000015 /* LatexFormatter.swift */,
			);
			path = Symbolic;
			sourceTree = "<group>";
		};
		A70000000000000F /* NumericTools */ = {
			isa = PBXGroup;
			children = (
				A100000000000030 /* NumericToolMetrics.swift */,
				A100000000000031 /* MatrixEngine.swift */,
				A100000000000032 /* VectorEngine.swift */,
				A100000000000033 /* StatsEngine.swift */,
				A100000000000034 /* GraphEngine.swift */,
				A100000000000035 /* UnitsEngine.swift */,
				A100000000000036 /* GraphView.swift */,
				A100000000000037 /* GraphViewModel.swift */,
				A100000000000038 /* NumericToolsView.swift */,
			);
			path = NumericTools;
			sourceTree = "<group>";
		};
		A700000000000050 /* OCREngine */ = {
			isa = PBXGroup;
			children = (
				A100000000000050 /* OCRClient.swift */,
				A100000000000051 /* LatexNormalizer.swift */,
				A100000000000052 /* OCRPreprocessor.swift */,
				A100000000000053 /* OCRMetrics.swift */,
				A100000000000054 /* OCRViewModel.swift */,
				A100000000000055 /* OCRView.swift */,
			);
			path = OCREngine;
			sourceTree = "<group>";
		};
		C98D1BBE2F3F0E4D00966AE1 /* Assistant */ = {
			isa = PBXGroup;
			children = (
				C98D1BC32F3F0E4D00966AE1 /* NLSyntaxAnalyzer.swift */,
				C98D1BBA2F3F0E4D00966AE1 /* AssistantView.swift */,
				C98D1BBB2F3F0E4D00966AE1 /* AssistantViewModel.swift */,
				C98D1BBC2F3F0E4D00966AE1 /* NLTranslator.swift */,
				C98D1BCC2F3F0E4D00966AE1 /* AssistantMetrics.swift */,
				C98D1BCE2F3F0E4D00966AE1 /* LocalAPIServer.swift */,
				C98D1BBD2F3F0E4D00966AE1 /* QuickSolverView.swift */,
			);
			path = Assistant;
			sourceTree = "<group>";
		};
		C98D1BC92F3F0E4D00966AE1 /* Theme */ = {
			isa = PBXGroup;
			children = (
				C98D1BC52F3F0E4D00966AE1 /* ThemeManager.swift */,
			);
			path = Theme;
			sourceTree = "<group>";
		};
		C98D1BCA2F3F0E4D00966AE1 /* Components */ = {
			isa = PBXGroup;
			children = (
				C98D1BC62F3F0E4D00966AE1 /* CalculatorButton.swift */,
				DA58000500000001 /* ExpressionInputView.swift */,
				DA58000600000001 /* VariablesPanel.swift */,
				DA58000700000001 /* PhysicsReference.swift */,
			);
			path = Components;
			sourceTree = "<group>";
		};
		C98D1BCB2F3F0E4D00966AE1 /* Keypad */ = {
			isa = PBXGroup;
			children = (
				C98D1BC72F3F0E4D00966AE1 /* ScientificKeypad.swift */,
				C98D1BC82F3F0E4D00966AE1 /* BasicKeypad.swift */,
			);
			path = Keypad;
			sourceTree = "<group>";
		};
		14B4F777B76B444F87D1A877 /* Notebook */ = {
			isa = PBXGroup;
			children = (
				26B4FA92CA9A4E60810AC85E /* NotebookModel.swift */,
				49EE797DCFEE498D9D1A656E /* NotebookViewModel.swift */,
				256244F11E934557A71ECF25 /* BlockViews.swift */,
				9141CECF744E4BB9955190C8 /* InputActionBar.swift */,
				E211F88AD59346D5A7B84B75 /* NotebookView.swift */
			);
			path = Notebook;
			sourceTree = "<group>";
		};
		DA580000B76B444F87D1A877 /* Dashboard */ = {
			isa = PBXGroup;
			children = (
				DA58000100000001 /* DashboardView.swift */,
				DA58000200000001 /* DashboardViewModel.swift */,
				DA58000300000001 /* DashboardPlotCard.swift */,
				DA58000400000001 /* DashboardConstantsCard.swift */,
				DA58000B00000001 /* DashboardUnitConverterCard.swift */,
			);
			path = Dashboard;
			sourceTree = "<group>";
		};
/* End PBXGroup section */

/* Begin PBXNativeTarget section */
		A400000000000001 /* ScientificCalculator */ = {
			isa = PBXNativeTarget;
			buildConfigurationList = A800000000000001 /* Build configuration list for PBXNativeTarget "ScientificCalculator" */;
			buildPhases = (
				A900000000000001 /* Sources */,
				A600000000000001 /* Frameworks */,
			);
			buildRules = (
			);
			dependencies = (
			);
			name = ScientificCalculator;
			productName = ScientificCalculator;
			productReference = A500000000000001 /* ScientificCalculator.app */;
			productType = "com.apple.product-type.application";
		};
		A400000000000002 /* ScientificCalculatorTests */ = {
			isa = PBXNativeTarget;
			buildConfigurationList = A800000000000002 /* Build configuration list for PBXNativeTarget "ScientificCalculatorTests" */;
			buildPhases = (
				A900000000000002 /* Sources */,
				A600000000000002 /* Frameworks */,
			);
			buildRules = (
			);
			dependencies = (
				A200000000000002 /* PBXTargetDependency */,
			);
			name = ScientificCalculatorTests;
			productName = ScientificCalculatorTests;
			productReference = A500000000000002 /* ScientificCalculatorTests.xctest */;
			productType = "com.apple.product-type.bundle.unit-test";
		};
/* End PBXNativeTarget section */

/* Begin PBXProject section */
		A300000000000001 /* Project object */ = {
			isa = PBXProject;
			attributes = {
				BuildIndependentTargetsInParallel = 1;
				LastSwiftUpdateCheck = 1500;
				LastUpgradeCheck = 2620;
				TargetAttributes = {
					A400000000000001 = {
						CreatedOnToolsVersion = 15.0;
					};
					A400000000000002 = {
						CreatedOnToolsVersion = 15.0;
						TestTargetID = A400000000000001;
					};
				};
			};
			buildConfigurationList = A800000000000003 /* Build configuration list for PBXProject "ScientificCalculator" */;
			compatibilityVersion = "Xcode 14.0";
			developmentRegion = en;
			hasScannedForEncodings = 0;
			knownRegions = (
				en,
				Base,
			);
			mainGroup = A700000000000001;
			productRefGroup = A700000000000004 /* Products */;
			projectDirPath = "";
			projectRoot = "";
			targets = (
				A400000000000001 /* ScientificCalculator */,
				A400000000000002 /* ScientificCalculatorTests */,
			);
		};
/* End PBXProject section */

/* Begin PBXSourcesBuildPhase section */
		A900000000000001 /* Sources */ = {
			isa = PBXSourcesBuildPhase;
			buildActionMask = 2147483647;
			files = (
				DA58000100000002 /* DashboardView.swift in Sources */,
				DA58000200000002 /* DashboardViewModel.swift in Sources */,
				DA58000300000002 /* DashboardPlotCard.swift in Sources */,
				DA58000400000002 /* DashboardConstantsCard.swift in Sources */,
				E05BDE99679D4B14A47826FC /* AppNavigationView.swift in Sources */,
				CD48B5AE4EFB42B98338C4E6 /* NotebookModel.swift in Sources */,
				C4DB53446808439C8644B399 /* NotebookViewModel.swift in Sources */,
				F6B5A98C681941B98C5B68B0 /* BlockViews.swift in Sources */,
				115DA8E70D1645D5A703C9D4 /* InputActionBar.swift in Sources */,
				B74A378CE1A24D049E8995B7 /* NotebookView.swift in Sources */,
				C98D1BC52F3F0E4D00966AE2 /* ThemeManager.swift in Sources */,
				C98D1BC62F3F0E4D00966AE2 /* CalculatorButton.swift in Sources */,
				C98D1BC72F3F0E4D00966AE2 /* ScientificKeypad.swift in Sources */,
				C98D1BC82F3F0E4D00966AE2 /* BasicKeypad.swift in Sources */,
				C98D1BC42F3F0E4D00966AE1 /* NLSyntaxAnalyzer.swift in Sources */,
				A000000000000090 /* PythonServiceManager.swift in Sources */,
				A000000000000001 /* ScientificCalculatorApp.swift in Sources */,
				A000000000000002 /* ContentView.swift in Sources */,
				A000000000000003 /* CalculatorViewModel.swift in Sources */,
				DA58000800000002 /* VariableStore.swift in Sources */,
				A000000000000004 /* Node.swift in Sources */,
				C98D1BBF2F3F0E4D00966AE1 /* QuickSolverView.swift in Sources */,
				C98D1BC02F3F0E4D00966AE1 /* NLTranslator.swift in Sources */,
				C98D1BC12F3F0E4D00966AE1 /* AssistantView.swift in Sources */,
				C98D1BC22F3F0E4D00966AE1 /* AssistantViewModel.swift in Sources */,
				C98D1BCD2F3F0E4D00966AE1 /* AssistantMetrics.swift in Sources */,
				C98D1BCF2F3F0E4D00966AE1 /* LocalAPIServer.swift in Sources */,
				A000000000000005 /* Operators.swift in Sources */,
				A000000000000006 /* Token.swift in Sources */,
				A000000000000007 /* Tokenizer.swift in Sources */,
				A000000000000008 /* Parser.swift in Sources */,
				A000000000000009 /* ParserError.swift in Sources */,
				A00000000000000A /* MathEngine.swift in Sources */,
				A00000000000000B /* NumericEngine.swift in Sources */,
				A00000000000000C /* Dispatcher.swift in Sources */,
				A00000000000000D /* EvaluationMetrics.swift in Sources */,
				A00000000000000E /* EvaluationReport.swift in Sources */,
				A00000000000000F /* MetricsCollector.swift in Sources */,
				A000000000000010 /* ResultFormatter.swift in Sources */,
				A000000000000011 /* BenchmarkRunner.swift in Sources */,
				A000000000000012 /* SymbolicEngine.swift in Sources */,
				A000000000000013 /* PythonClient.swift in Sources */,
				A000000000000014 /* ASTToSympyConverter.swift in Sources */,
				A000000000000015 /* LatexFormatter.swift in Sources */,
				A000000000000030 /* NumericToolMetrics.swift in Sources */,
				A000000000000031 /* MatrixEngine.swift in Sources */,
				A000000000000032 /* VectorEngine.swift in Sources */,
				A000000000000033 /* StatsEngine.swift in Sources */,
				A000000000000034 /* GraphEngine.swift in Sources */,
				A000000000000035 /* UnitsEngine.swift in Sources */,
				A000000000000036 /* GraphView.swift in Sources */,
				A000000000000037 /* GraphViewModel.swift in Sources */,
				A000000000000038 /* NumericToolsView.swift in Sources */,
				A000000000000039 /* NumericToolsBenchmark.swift in Sources */,
				A000000000000050 /* OCRClient.swift in Sources */,
				A000000000000051 /* LatexNormalizer.swift in Sources */,
				A000000000000052 /* OCRPreprocessor.swift in Sources */,
				A000000000000053 /* OCRMetrics.swift in Sources */,
				A000000000000054 /* OCRViewModel.swift in Sources */,
				A000000000000055 /* OCRView.swift in Sources */,
				DA58000B00000002 /* DashboardUnitConverterCard.swift in Sources */,
				DA58000500000002 /* ExpressionInputView.swift in Sources */,
				DA58000600000002 /* VariablesPanel.swift in Sources */,
				DA58000700000002 /* PhysicsReference.swift in Sources */,
				DA58000A00000002 /* SyntaxValidator.swift in Sources */,
			);
			runOnlyForDeploymentPostprocessing = 0;
		};
		A900000000000002 /* Sources */ = {
			isa = PBXSourcesBuildPhase;
			buildActionMask = 2147483647;
			files = (
				A000000000000091 /* NLUTests.swift in Sources */,
				A000000000000020 /* TokenizerTests.swift in Sources */,
				A000000000000021 /* ParserTests.swift in Sources */,
				A000000000000022 /* NumericEngineTests.swift in Sources */,
				A000000000000023 /* PerformanceTests.swift in Sources */,
				A000000000000040 /* MatrixEngineTests.swift in Sources */,
				A000000000000041 /* VectorEngineTests.swift in Sources */,
				A000000000000042 /* StatsEngineTests.swift in Sources */,
				A000000000000043 /* UnitsEngineTests.swift in Sources */,
				A000000000000060 /* LatexNormalizerTests.swift in Sources */,
				A000000000000061 /* OCRClientTests.swift in Sources */,
			);
			runOnlyForDeploymentPostprocessing = 0;
		};
/* End PBXSourcesBuildPhase section */

/* Begin PBXTargetDependency section */
		A200000000000002 /* PBXTargetDependency */ = {
			isa = PBXTargetDependency;
			target = A400000000000001 /* ScientificCalculator */;
			targetProxy = A200000000000001 /* PBXContainerItemProxy */;
		};
/* End PBXTargetDependency section */

/* Begin XCBuildConfiguration section */
		B100000000000001 /* Debug */ = {
			isa = XCBuildConfiguration;
			buildSettings = {
				ALWAYS_SEARCH_USER_PATHS = NO;
				ASSETCATALOG_COMPILER_GENERATE_SWIFT_ASSET_SYMBOL_EXTENSIONS = YES;
				CLANG_ANALYZER_NONNULL = YES;
				CLANG_ANALYZER_NUMBER_OBJECT_CONVERSION = YES_AGGRESSIVE;
				CLANG_CXX_LANGUAGE_STANDARD = "gnu++20";
				CLANG_ENABLE_MODULES = YES;
				CLANG_ENABLE_OBJC_ARC = YES;
				CLANG_ENABLE_OBJC_WEAK = YES;
				CLANG_WARN_BLOCK_CAPTURE_AUTORELEASING = YES;
				CLANG_WARN_BOOL_CONVERSION = YES;
				CLANG_WARN_COMMA = YES;
				CLANG_WARN_CONSTANT_CONVERSION = YES;
				CLANG_WARN_DEPRECATED_OBJC_IMPLEMENTATIONS = YES;
				CLANG_WARN_DIRECT_OBJC_ISA_USAGE = YES_ERROR;
				CLANG_WARN_DOCUMENTATION_COMMENTS = YES;
				CLANG_WARN_EMPTY_BODY = YES;
				CLANG_WARN_ENUM_CONVERSION = YES;
				CLANG_WARN_INFINITE_RECURSION = YES;
				CLANG_WARN_INT_CONVERSION = YES;
				CLANG_WARN_NON_LITERAL_NULL_CONVERSION = YES;
				CLANG_WARN_OBJC_IMPLICIT_RETAIN_SELF = YES;
				CLANG_WARN_OBJC_LITERAL_CONVERSION = YES;
				CLANG_WARN_OBJC_ROOT_CLASS = YES_ERROR;
				CLANG_WARN_QUOTED_INCLUDE_IN_FRAMEWORK_HEADER = YES;
				CLANG_WARN_RANGE_LOOP_ANALYSIS = YES;
				CLANG_WARN_STRICT_PROTOTYPES = YES;
				CLANG_WARN_SUSPICIOUS_MOVE = YES;
				CLANG_WARN_UNGUARDED_AVAILABILITY = YES_AGGRESSIVE;
				CLANG_WARN_UNREACHABLE_CODE = YES;
				CLANG_WARN__DUPLICATE_METHOD_MATCH = YES;
				COPY_PHASE_STRIP = NO;
				DEAD_CODE_STRIPPING = YES;
				DEBUG_INFORMATION_FORMAT = dwarf;
				ENABLE_STRICT_OBJC_MSGSEND = YES;
				ENABLE_TESTABILITY = YES;
				ENABLE_USER_SCRIPT_SANDBOXING = YES;
				GCC_C_LANGUAGE_STANDARD = gnu17;
				GCC_DYNAMIC_NO_PIC = NO;
				GCC_NO_COMMON_BLOCKS = YES;
				GCC_OPTIMIZATION_LEVEL = 0;
				GCC_PREPROCESSOR_DEFINITIONS = (
					"ACCELERATE_NEW_LAPACK=1",
					"DEBUG=1",
					"$(inherited)",
				);
				GCC_WARN_64_TO_32_BIT_CONVERSION = YES;
				GCC_WARN_ABOUT_RETURN_TYPE = YES_ERROR;
				GCC_WARN_UNDECLARED_SELECTOR = YES;
				GCC_WARN_UNINITIALIZED_AUTOS = YES_AGGRESSIVE;
				GCC_WARN_UNUSED_FUNCTION = YES;
				GCC_WARN_UNUSED_VARIABLE = YES;
				LOCALIZATION_PREFERS_STRING_CATALOGS = YES;
				MACOSX_DEPLOYMENT_TARGET = 14.0;
				MTL_ENABLE_DEBUG_INFO = INCLUDE_SOURCE;
				MTL_FAST_MATH = YES;
				ONLY_ACTIVE_ARCH = YES;
				SDKROOT = macosx;
				STRING_CATALOG_GENERATE_SYMBOLS = YES;
				SWIFT_ACTIVE_COMPILATION_CONDITIONS = "DEBUG $(inherited)";
				SWIFT_OPTIMIZATION_LEVEL = "-Onone";
			};
			name = Debug;
		};
		B100000000000002 /* Release */ = {
			isa = XCBuildConfiguration;
			buildSettings = {
				ALWAYS_SEARCH_USER_PATHS = NO;
				ASSETCATALOG_COMPILER_GENERATE_SWIFT_ASSET_SYMBOL_EXTENSIONS = YES;
				CLANG_ANALYZER_NONNULL = YES;
				CLANG_ANALYZER_NUMBER_OBJECT_CONVERSION = YES_AGGRESSIVE;
				CLANG_CXX_LANGUAGE_STANDARD = "gnu++20";
				CLANG_ENABLE_MODULES = YES;
				CLANG_ENABLE_OBJC_ARC = YES;
				CLANG_ENABLE_OBJC_WEAK = YES;
				CLANG_WARN_BLOCK_CAPTURE_AUTORELEASING = YES;
				CLANG_WARN_BOOL_CONVERSION = YES;
				CLANG_WARN_COMMA = YES;
				CLANG_WARN_CONSTANT_CONVERSION = YES;
				CLANG_WARN_DEPRECATED_OBJC_IMPLEMENTATIONS = YES;
				CLANG_WARN_DIRECT_OBJC_ISA_USAGE = YES_ERROR;
				CLANG_WARN_DOCUMENTATION_COMMENTS = YES;
				CLANG_WARN_EMPTY_BODY = YES;
				CLANG_WARN_ENUM_CONVERSION = YES;
				CLANG_WARN_INFINITE_RECURSION = YES;
				CLANG_WARN_INT_CONVERSION = YES;
				CLANG_WARN_NON_LITERAL_NULL_CONVERSION = YES;
				CLANG_WARN_OBJC_IMPLICIT_RETAIN_SELF = YES;
				CLANG_WARN_OBJC_LITERAL_CONVERSION = YES;
				CLANG_WARN_OBJC_ROOT_CLASS = YES_ERROR;
				CLANG_WARN_QUOTED_INCLUDE_IN_FRAMEWORK_HEADER = YES;
				CLANG_WARN_RANGE_LOOP_ANALYSIS = YES;
				CLANG_WARN_STRICT_PROTOTYPES = YES;
				CLANG_WARN_SUSPICIOUS_MOVE = YES;
				CLANG_WARN_UNGUARDED_AVAILABILITY = YES_AGGRESSIVE;
				CLANG_WARN_UNREACHABLE_CODE = YES;
				CLANG_WARN__DUPLICATE_METHOD_MATCH = YES;
				COPY_PHASE_STRIP = NO;
				DEAD_CODE_STRIPPING = YES;
				DEBUG_INFORMATION_FORMAT = "dwarf-with-dsym";
				ENABLE_NS_ASSERTIONS = NO;
				ENABLE_STRICT_OBJC_MSGSEND = YES;
				ENABLE_USER_SCRIPT_SANDBOXING = YES;
				GCC_C_LANGUAGE_STANDARD = gnu17;
				GCC_NO_COMMON_BLOCKS = YES;
				GCC_PREPROCESSOR_DEFINITIONS = (
					"ACCELERATE_NEW_LAPACK=1",
					"$(inherited)",
				);
				GCC_WARN_64_TO_32_BIT_CONVERSION = YES;
				GCC_WARN_ABOUT_RETURN_TYPE = YES_ERROR;
				GCC_WARN_UNDECLARED_SELECTOR = YES;
				GCC_WARN_UNINITIALIZED_AUTOS = YES_AGGRESSIVE;
				GCC_WARN_UNUSED_FUNCTION = YES;
				GCC_WARN_UNUSED_VARIABLE = YES;
				LOCALIZATION_PREFERS_STRING_CATALOGS = YES;
				MACOSX_DEPLOYMENT_TARGET = 14.0;
				MTL_ENABLE_DEBUG_INFO = NO;
				MTL_FAST_MATH = YES;
				SDKROOT = macosx;
				STRING_CATALOG_GENERATE_SYMBOLS = YES;
				SWIFT_COMPILATION_MODE = wholemodule;
			};
			name = Release;
		};
		B100000000000003 /* Debug */ = {
			isa = XCBuildConfiguration;
			buildSettings = {
				CODE_SIGN_IDENTITY = "-";
				ASSETCATALOG_COMPILER_APPICON_NAME = AppIcon;
				ASSETCATALOG_COMPILER_GLOBAL_ACCENT_COLOR_NAME = AccentColor;
				CODE_SIGN_ENTITLEMENTS = ScientificCalculator/ScientificCalculator.entitlements;
				CODE_SIGN_STYLE = Manual;
				COMBINE_HIDPI_IMAGES = YES;
				CURRENT_PROJECT_VERSION = 1;
				DEAD_CODE_STRIPPING = YES;
				DEVELOPMENT_ASSET_PATHS = "";
				ENABLE_PREVIEWS = YES;
				GENERATE_INFOPLIST_FILE = YES;
				INFOPLIST_KEY_NSHumanReadableCopyright = "";
				IPHONEOS_DEPLOYMENT_TARGET = 17.6;
				LD_RUNPATH_SEARCH_PATHS = (
					"$(inherited)",
					"@executable_path/../Frameworks",
				);
				MARKETING_VERSION = 1.0;
				PRODUCT_BUNDLE_IDENTIFIER = com.scientificcalculator.core;
				PRODUCT_NAME = "$(TARGET_NAME)";
				SUPPORTED_PLATFORMS = "iphoneos iphonesimulator macosx";
				SUPPORTS_MACCATALYST = NO;
				SWIFT_EMIT_LOC_STRINGS = YES;
				SWIFT_VERSION = 5.0;
				TARGETED_DEVICE_FAMILY = "1,2";
			};
			name = Debug;
		};
		B100000000000004 /* Release */ = {
			isa = XCBuildConfiguration;
			buildSettings = {
				CODE_SIGN_IDENTITY = "-";
				ASSETCATALOG_COMPILER_APPICON_NAME = AppIcon;
				ASSETCATALOG_COMPILER_GLOBAL_ACCENT_COLOR_NAME = AccentColor;
				CODE_SIGN_ENTITLEMENTS = ScientificCalculator/ScientificCalculator.entitlements;
				CODE_SIGN_STYLE = Manual;
				COMBINE_HIDPI_IMAGES = YES;
				CURRENT_PROJECT_VERSION = 1;
				DEAD_CODE_STRIPPING = YES;
				DEVELOPMENT_ASSET_PATHS = "";
				ENABLE_PREVIEWS = YES;
				GENERATE_INFOPLIST_FILE = YES;
				INFOPLIST_KEY_NSHumanReadableCopyright = "";
				IPHONEOS_DEPLOYMENT_TARGET = 17.6;
				LD_RUNPATH_SEARCH_PATHS = (
					"$(inherited)",
					"@executable_path/../Frameworks",
				);
				MARKETING_VERSION = 1.0;
				PRODUCT_BUNDLE_IDENTIFIER = com.scientificcalculator.core;
				PRODUCT_NAME = "$(TARGET_NAME)";
				SUPPORTED_PLATFORMS = "iphoneos iphonesimulator macosx";
				SUPPORTS_MACCATALYST = NO;
				SWIFT_EMIT_LOC_STRINGS = YES;
				SWIFT_VERSION = 5.0;
				TARGETED_DEVICE_FAMILY = "1,2";
			};
			name = Release;
		};
		B100000000000005 /* Debug */ = {
			isa = XCBuildConfiguration;
			buildSettings = {
				BUNDLE_LOADER = "$(TEST_HOST)";
				CODE_SIGN_STYLE = Manual;
				CURRENT_PROJECT_VERSION = 1;
				DEAD_CODE_STRIPPING = YES;
				GENERATE_INFOPLIST_FILE = YES;
				MACOSX_DEPLOYMENT_TARGET = 14.0;
				MARKETING_VERSION = 1.0;
				PRODUCT_BUNDLE_IDENTIFIER = com.scientificcalculator.tests;
				PRODUCT_NAME = "$(TARGET_NAME)";
				SWIFT_EMIT_LOC_STRINGS = NO;
				SWIFT_VERSION = 5.0;
				TEST_HOST = "$(BUILT_PRODUCTS_DIR)/ScientificCalculator.app/$(BUNDLE_EXECUTABLE_FOLDER_PATH)/ScientificCalculator";
			};
			name = Debug;
		};
		B100000000000006 /* Release */ = {
			isa = XCBuildConfiguration;
			buildSettings = {
				BUNDLE_LOADER = "$(TEST_HOST)";
				CODE_SIGN_STYLE = Manual;
				CURRENT_PROJECT_VERSION = 1;
				DEAD_CODE_STRIPPING = YES;
				GENERATE_INFOPLIST_FILE = YES;
				MACOSX_DEPLOYMENT_TARGET = 14.0;
				MARKETING_VERSION = 1.0;
				PRODUCT_BUNDLE_IDENTIFIER = com.scientificcalculator.tests;
				PRODUCT_NAME = "$(TARGET_NAME)";
				SWIFT_EMIT_LOC_STRINGS = NO;
				SWIFT_VERSION = 5.0;
				TEST_HOST = "$(BUILT_PRODUCTS_DIR)/ScientificCalculator.app/$(BUNDLE_EXECUTABLE_FOLDER_PATH)/ScientificCalculator";
			};
			name = Release;
		};
/* End XCBuildConfiguration section */

/* Begin XCConfigurationList section */
		A800000000000001 /* Build configuration list for PBXNativeTarget "ScientificCalculator" */ = {
			isa = XCConfigurationList;
			buildConfigurations = (
				B100000000000003 /* Debug */,
				B100000000000004 /* Release */,
			);
			defaultConfigurationIsVisible = 0;
			defaultConfigurationName = Release;
		};
		A800000000000002 /* Build configuration list for PBXNativeTarget "ScientificCalculatorTests" */ = {
			isa = XCConfigurationList;
			buildConfigurations = (
				B100000000000005 /* Debug */,
				B100000000000006 /* Release */,
			);
			defaultConfigurationIsVisible = 0;
			defaultConfigurationName = Release;
		};
		A800000000000003 /* Build configuration list for PBXProject "ScientificCalculator" */ = {
			isa = XCConfigurationList;
			buildConfigurations = (
				B100000000000001 /* Debug */,
				B100000000000002 /* Release */,
			);
			defaultConfigurationIsVisible = 0;
			defaultConfigurationName = Release;
		};
/* End XCConfigurationList section */
	};
	rootObject = A300000000000001 /* Project object */;
}
